# THIS IS AN AUTOGENERATED FILE. DO NOT EDIT THIS FILE DIRECTLY.
# yarn lockfile v1


"@csstools/selector-resolve-nested@^1.1.0":
  version "1.1.0"
  resolved "https://registry.npmjs.org/@csstools/selector-resolve-nested/-/selector-resolve-nested-1.1.0.tgz"
  integrity sha512-uWvSaeRcHyeNenKg8tp17EVDRkpflmdyvbE0DHo6D/GdBb6PDnCYYU6gRpXhtICMGMcahQmj2zGxwFM/WC8hCg==

"@csstools/selector-specificity@^3.0.3":
  version "3.0.3"
  resolved "https://registry.npmjs.org/@csstools/selector-specificity/-/selector-specificity-3.0.3.tgz"
  integrity sha512-KEPNw4+WW5AVEIyzC80rTbWEUatTW2lXpN8+8ILC8PiPeWPjwUzrPZDIOZ2wwqDmeqOYTdSGyL3+vE5GC3FB3Q==

"@esbuild/aix-ppc64@0.20.2":
  version "0.20.2"
  resolved "https://registry.yarnpkg.com/@esbuild/aix-ppc64/-/aix-ppc64-0.20.2.tgz#a70f4ac11c6a1dfc18b8bbb13284155d933b9537"
  integrity sha512-D+EBOJHXdNZcLJRBkhENNG8Wji2kgc9AZ9KiPr1JuZjsNtyHzrsfLRrY0tk2H2aoFu6RANO1y1iPPUCDYWkb5g==

"@esbuild/android-arm64@0.20.2":
  version "0.20.2"
  resolved "https://registry.yarnpkg.com/@esbuild/android-arm64/-/android-arm64-0.20.2.tgz#db1c9202a5bc92ea04c7b6840f1bbe09ebf9e6b9"
  integrity sha512-mRzjLacRtl/tWU0SvD8lUEwb61yP9cqQo6noDZP/O8VkwafSYwZ4yWy24kan8jE/IMERpYncRt2dw438LP3Xmg==

"@esbuild/android-arm@0.20.2":
  version "0.20.2"
  resolved "https://registry.yarnpkg.com/@esbuild/android-arm/-/android-arm-0.20.2.tgz#3b488c49aee9d491c2c8f98a909b785870d6e995"
  integrity sha512-t98Ra6pw2VaDhqNWO2Oph2LXbz/EJcnLmKLGBJwEwXX/JAN83Fym1rU8l0JUWK6HkIbWONCSSatf4sf2NBRx/w==

"@esbuild/android-x64@0.20.2":
  version "0.20.2"
  resolved "https://registry.yarnpkg.com/@esbuild/android-x64/-/android-x64-0.20.2.tgz#3b1628029e5576249d2b2d766696e50768449f98"
  integrity sha512-btzExgV+/lMGDDa194CcUQm53ncxzeBrWJcncOBxuC6ndBkKxnHdFJn86mCIgTELsooUmwUm9FkhSp5HYu00Rg==

"@esbuild/darwin-arm64@0.20.2":
  version "0.20.2"
  resolved "https://registry.yarnpkg.com/@esbuild/darwin-arm64/-/darwin-arm64-0.20.2.tgz#6e8517a045ddd86ae30c6608c8475ebc0c4000bb"
  integrity sha512-4J6IRT+10J3aJH3l1yzEg9y3wkTDgDk7TSDFX+wKFiWjqWp/iCfLIYzGyasx9l0SAFPT1HwSCR+0w/h1ES/MjA==

"@esbuild/darwin-x64@0.20.2":
  version "0.20.2"
  resolved "https://registry.npmjs.org/@esbuild/darwin-x64/-/darwin-x64-0.20.2.tgz"
  integrity sha512-tBcXp9KNphnNH0dfhv8KYkZhjc+H3XBkF5DKtswJblV7KlT9EI2+jeA8DgBjp908WEuYll6pF+UStUCfEpdysA==

"@esbuild/freebsd-arm64@0.20.2":
  version "0.20.2"
  resolved "https://registry.yarnpkg.com/@esbuild/freebsd-arm64/-/freebsd-arm64-0.20.2.tgz#d71502d1ee89a1130327e890364666c760a2a911"
  integrity sha512-d3qI41G4SuLiCGCFGUrKsSeTXyWG6yem1KcGZVS+3FYlYhtNoNgYrWcvkOoaqMhwXSMrZRl69ArHsGJ9mYdbbw==

"@esbuild/freebsd-x64@0.20.2":
  version "0.20.2"
  resolved "https://registry.yarnpkg.com/@esbuild/freebsd-x64/-/freebsd-x64-0.20.2.tgz#aa5ea58d9c1dd9af688b8b6f63ef0d3d60cea53c"
  integrity sha512-d+DipyvHRuqEeM5zDivKV1KuXn9WeRX6vqSqIDgwIfPQtwMP4jaDsQsDncjTDDsExT4lR/91OLjRo8bmC1e+Cw==

"@esbuild/linux-arm64@0.20.2":
  version "0.20.2"
  resolved "https://registry.yarnpkg.com/@esbuild/linux-arm64/-/linux-arm64-0.20.2.tgz#055b63725df678379b0f6db9d0fa85463755b2e5"
  integrity sha512-9pb6rBjGvTFNira2FLIWqDk/uaf42sSyLE8j1rnUpuzsODBq7FvpwHYZxQ/It/8b+QOS1RYfqgGFNLRI+qlq2A==

"@esbuild/linux-arm@0.20.2":
  version "0.20.2"
  resolved "https://registry.yarnpkg.com/@esbuild/linux-arm/-/linux-arm-0.20.2.tgz#76b3b98cb1f87936fbc37f073efabad49dcd889c"
  integrity sha512-VhLPeR8HTMPccbuWWcEUD1Az68TqaTYyj6nfE4QByZIQEQVWBB8vup8PpR7y1QHL3CpcF6xd5WVBU/+SBEvGTg==

"@esbuild/linux-ia32@0.20.2":
  version "0.20.2"
  resolved "https://registry.yarnpkg.com/@esbuild/linux-ia32/-/linux-ia32-0.20.2.tgz#c0e5e787c285264e5dfc7a79f04b8b4eefdad7fa"
  integrity sha512-o10utieEkNPFDZFQm9CoP7Tvb33UutoJqg3qKf1PWVeeJhJw0Q347PxMvBgVVFgouYLGIhFYG0UGdBumROyiig==

"@esbuild/linux-loong64@0.20.2":
  version "0.20.2"
  resolved "https://registry.yarnpkg.com/@esbuild/linux-loong64/-/linux-loong64-0.20.2.tgz#a6184e62bd7cdc63e0c0448b83801001653219c5"
  integrity sha512-PR7sp6R/UC4CFVomVINKJ80pMFlfDfMQMYynX7t1tNTeivQ6XdX5r2XovMmha/VjR1YN/HgHWsVcTRIMkymrgQ==

"@esbuild/linux-mips64el@0.20.2":
  version "0.20.2"
  resolved "https://registry.yarnpkg.com/@esbuild/linux-mips64el/-/linux-mips64el-0.20.2.tgz#d08e39ce86f45ef8fc88549d29c62b8acf5649aa"
  integrity sha512-4BlTqeutE/KnOiTG5Y6Sb/Hw6hsBOZapOVF6njAESHInhlQAghVVZL1ZpIctBOoTFbQyGW+LsVYZ8lSSB3wkjA==

"@esbuild/linux-ppc64@0.20.2":
  version "0.20.2"
  resolved "https://registry.yarnpkg.com/@esbuild/linux-ppc64/-/linux-ppc64-0.20.2.tgz#8d252f0b7756ffd6d1cbde5ea67ff8fd20437f20"
  integrity sha512-rD3KsaDprDcfajSKdn25ooz5J5/fWBylaaXkuotBDGnMnDP1Uv5DLAN/45qfnf3JDYyJv/ytGHQaziHUdyzaAg==

"@esbuild/linux-riscv64@0.20.2":
  version "0.20.2"
  resolved "https://registry.yarnpkg.com/@esbuild/linux-riscv64/-/linux-riscv64-0.20.2.tgz#19f6dcdb14409dae607f66ca1181dd4e9db81300"
  integrity sha512-snwmBKacKmwTMmhLlz/3aH1Q9T8v45bKYGE3j26TsaOVtjIag4wLfWSiZykXzXuE1kbCE+zJRmwp+ZbIHinnVg==

"@esbuild/linux-s390x@0.20.2":
  version "0.20.2"
  resolved "https://registry.yarnpkg.com/@esbuild/linux-s390x/-/linux-s390x-0.20.2.tgz#3c830c90f1a5d7dd1473d5595ea4ebb920988685"
  integrity sha512-wcWISOobRWNm3cezm5HOZcYz1sKoHLd8VL1dl309DiixxVFoFe/o8HnwuIwn6sXre88Nwj+VwZUvJf4AFxkyrQ==

"@esbuild/linux-x64@0.20.2":
  version "0.20.2"
  resolved "https://registry.yarnpkg.com/@esbuild/linux-x64/-/linux-x64-0.20.2.tgz#86eca35203afc0d9de0694c64ec0ab0a378f6fff"
  integrity sha512-1MdwI6OOTsfQfek8sLwgyjOXAu+wKhLEoaOLTjbijk6E2WONYpH9ZU2mNtR+lZ2B4uwr+usqGuVfFT9tMtGvGw==

"@esbuild/netbsd-x64@0.20.2":
  version "0.20.2"
  resolved "https://registry.yarnpkg.com/@esbuild/netbsd-x64/-/netbsd-x64-0.20.2.tgz#e771c8eb0e0f6e1877ffd4220036b98aed5915e6"
  integrity sha512-K8/DhBxcVQkzYc43yJXDSyjlFeHQJBiowJ0uVL6Tor3jGQfSGHNNJcWxNbOI8v5k82prYqzPuwkzHt3J1T1iZQ==

"@esbuild/openbsd-x64@0.20.2":
  version "0.20.2"
  resolved "https://registry.yarnpkg.com/@esbuild/openbsd-x64/-/openbsd-x64-0.20.2.tgz#9a795ae4b4e37e674f0f4d716f3e226dd7c39baf"
  integrity sha512-eMpKlV0SThJmmJgiVyN9jTPJ2VBPquf6Kt/nAoo6DgHAoN57K15ZghiHaMvqjCye/uU4X5u3YSMgVBI1h3vKrQ==

"@esbuild/sunos-x64@0.20.2":
  version "0.20.2"
  resolved "https://registry.yarnpkg.com/@esbuild/sunos-x64/-/sunos-x64-0.20.2.tgz#7df23b61a497b8ac189def6e25a95673caedb03f"
  integrity sha512-2UyFtRC6cXLyejf/YEld4Hajo7UHILetzE1vsRcGL3earZEW77JxrFjH4Ez2qaTiEfMgAXxfAZCm1fvM/G/o8w==

"@esbuild/win32-arm64@0.20.2":
  version "0.20.2"
  resolved "https://registry.yarnpkg.com/@esbuild/win32-arm64/-/win32-arm64-0.20.2.tgz#f1ae5abf9ca052ae11c1bc806fb4c0f519bacf90"
  integrity sha512-GRibxoawM9ZCnDxnP3usoUDO9vUkpAxIIZ6GQI+IlVmr5kP3zUq+l17xELTHMWTWzjxa2guPNyrpq1GWmPvcGQ==

"@esbuild/win32-ia32@0.20.2":
  version "0.20.2"
  resolved "https://registry.yarnpkg.com/@esbuild/win32-ia32/-/win32-ia32-0.20.2.tgz#241fe62c34d8e8461cd708277813e1d0ba55ce23"
  integrity sha512-HfLOfn9YWmkSKRQqovpnITazdtquEW8/SoHW7pWpuEeguaZI4QnCRW6b+oZTztdBnZOS2hqJ6im/D5cPzBTTlQ==

"@esbuild/win32-x64@0.20.2":
  version "0.20.2"
  resolved "https://registry.yarnpkg.com/@esbuild/win32-x64/-/win32-x64-0.20.2.tgz#9c907b21e30a52db959ba4f80bb01a0cc403d5cc"
  integrity sha512-N49X4lJX27+l9jbLKSqZ6bKNjzQvHaT8IIFUy+YIqmXQdjYCToGWwOItDrfby14c78aDd5NHQl29xingXfCdLQ==

"@eslint-community/eslint-utils@^4.2.0":
  version "4.4.1"
  resolved "https://registry.yarnpkg.com/@eslint-community/eslint-utils/-/eslint-utils-4.4.1.tgz#d1145bf2c20132d6400495d6df4bf59362fd9d56"
  integrity sha512-s3O3waFUrMV8P/XaF/+ZTp1X9XBZW1a4B97ZnjQF2KYWaFD2A8KyFBsrsfSjEmjn3RGWAIuvlneuZm3CUK3jbA==
  dependencies:
    eslint-visitor-keys "^3.4.3"

"@eslint-community/regexpp@^4.12.1":
  version "4.12.1"
  resolved "https://registry.yarnpkg.com/@eslint-community/regexpp/-/regexpp-4.12.1.tgz#cfc6cffe39df390a3841cde2abccf92eaa7ae0e0"
  integrity sha512-CCZCDJuduB9OUkFkY2IgppNZMi2lBQgD2qzwXkEia16cge2pijY/aXi96CJMquDMn3nJdlPV1A5KrJEXwfLNzQ==

"@eslint/config-array@^0.19.0":
  version "0.19.0"
  resolved "https://registry.yarnpkg.com/@eslint/config-array/-/config-array-0.19.0.tgz#3251a528998de914d59bb21ba4c11767cf1b3519"
  integrity sha512-zdHg2FPIFNKPdcHWtiNT+jEFCHYVplAXRDlQDyqy0zGx/q2parwh7brGJSiTxRk/TSMkbM//zt/f5CHgyTyaSQ==
  dependencies:
    "@eslint/object-schema" "^2.1.4"
    debug "^4.3.1"
    minimatch "^3.1.2"

"@eslint/core@^0.9.0":
  version "0.9.0"
  resolved "https://registry.yarnpkg.com/@eslint/core/-/core-0.9.0.tgz#168ee076f94b152c01ca416c3e5cf82290ab4fcd"
  integrity sha512-7ATR9F0e4W85D/0w7cU0SNj7qkAexMG+bAHEZOjo9akvGuhHE2m7umzWzfnpa0XAg5Kxc1BWmtPMV67jJ+9VUg==

"@eslint/eslintrc@^3.2.0":
  version "3.2.0"
  resolved "https://registry.yarnpkg.com/@eslint/eslintrc/-/eslintrc-3.2.0.tgz#57470ac4e2e283a6bf76044d63281196e370542c"
  integrity sha512-grOjVNN8P3hjJn/eIETF1wwd12DdnwFDoyceUJLYYdkpbwq3nLi+4fqrTAONx7XDALqlL220wC/RHSC/QTI/0w==
  dependencies:
    ajv "^6.12.4"
    debug "^4.3.2"
    espree "^10.0.1"
    globals "^14.0.0"
    ignore "^5.2.0"
    import-fresh "^3.2.1"
    js-yaml "^4.1.0"
    minimatch "^3.1.2"
    strip-json-comments "^3.1.1"

"@eslint/js@9.15.0":
  version "9.15.0"
  resolved "https://registry.yarnpkg.com/@eslint/js/-/js-9.15.0.tgz#df0e24fe869143b59731942128c19938fdbadfb5"
  integrity sha512-tMTqrY+EzbXmKJR5ToI8lxu7jaN5EdmrBFJpQk5JmSlyLsx6o4t27r883K5xsLuCYCpfKBCGswMSWXsM+jB7lg==

"@eslint/object-schema@^2.1.4":
  version "2.1.4"
  resolved "https://registry.yarnpkg.com/@eslint/object-schema/-/object-schema-2.1.4.tgz#9e69f8bb4031e11df79e03db09f9dbbae1740843"
  integrity sha512-BsWiH1yFGjXXS2yvrf5LyuoSIIbPrGUWob917o+BTKuZ7qJdxX8aJLRxs1fS9n6r7vESrq1OUqb68dANcFXuQQ==

"@eslint/plugin-kit@^0.2.3":
  version "0.2.3"
  resolved "https://registry.yarnpkg.com/@eslint/plugin-kit/-/plugin-kit-0.2.3.tgz#812980a6a41ecf3a8341719f92a6d1e784a2e0e8"
  integrity sha512-2b/g5hRmpbb1o4GnTZax9N9m0FXzz9OV42ZzI4rDDMDuHUqigAiQCEWChBWCY4ztAGVRjoWT19v0yMmc5/L5kA==
  dependencies:
    levn "^0.4.1"

"@humanfs/core@^0.19.1":
  version "0.19.1"
  resolved "https://registry.yarnpkg.com/@humanfs/core/-/core-0.19.1.tgz#17c55ca7d426733fe3c561906b8173c336b40a77"
  integrity sha512-5DyQ4+1JEUzejeK1JGICcideyfUbGixgS9jNgex5nqkW+cY7WZhxBigmieN5Qnw9ZosSNVC9KQKyb+GUaGyKUA==

"@humanfs/node@^0.16.6":
  version "0.16.6"
  resolved "https://registry.yarnpkg.com/@humanfs/node/-/node-0.16.6.tgz#ee2a10eaabd1131987bf0488fd9b820174cd765e"
  integrity sha512-YuI2ZHQL78Q5HbhDiBA1X4LmYdXCKCMQIfw0pw7piHJwyREFebJUvrQN4cMssyES6x+vfUbx1CIpaQUKYdQZOw==
  dependencies:
    "@humanfs/core" "^0.19.1"
    "@humanwhocodes/retry" "^0.3.0"

"@humanwhocodes/module-importer@^1.0.1":
  version "1.0.1"
  resolved "https://registry.yarnpkg.com/@humanwhocodes/module-importer/-/module-importer-1.0.1.tgz#af5b2691a22b44be847b0ca81641c5fb6ad0172c"
  integrity sha512-bxveV4V8v5Yb4ncFTT3rPSgZBOpCkjfK0y4oVVVJwIuDVBRMDXrPyXRL988i5ap9m9bnyEEjWfm5WkBmtffLfA==

"@humanwhocodes/retry@^0.3.0":
  version "0.3.1"
  resolved "https://registry.yarnpkg.com/@humanwhocodes/retry/-/retry-0.3.1.tgz#c72a5c76a9fbaf3488e231b13dc52c0da7bab42a"
  integrity sha512-JBxkERygn7Bv/GbN5Rv8Ul6LVknS+5Bp6RgDC/O8gEBU/yeH5Ui5C/OlWrTb6qct7LjjfT6Re2NxB0ln0yYybA==

"@humanwhocodes/retry@^0.4.1":
  version "0.4.1"
  resolved "https://registry.yarnpkg.com/@humanwhocodes/retry/-/retry-0.4.1.tgz#9a96ce501bc62df46c4031fbd970e3cc6b10f07b"
  integrity sha512-c7hNEllBlenFTHBky65mhq8WD2kbN9Q6gk0bTk8lSBvc554jpXSkST1iePudpt7+A/AQvuHs9EMqjHDXMY1lrA==

"@rollup/rollup-android-arm-eabi@4.27.4":
  version "4.27.4"
  resolved "https://registry.yarnpkg.com/@rollup/rollup-android-arm-eabi/-/rollup-android-arm-eabi-4.27.4.tgz#e3c9cc13f144ba033df4d2c3130a214dc8e3473e"
  integrity sha512-2Y3JT6f5MrQkICUyRVCw4oa0sutfAsgaSsb0Lmmy1Wi2y7X5vT9Euqw4gOsCyy0YfKURBg35nhUKZS4mDcfULw==

"@rollup/rollup-android-arm64@4.27.4":
  version "4.27.4"
  resolved "https://registry.yarnpkg.com/@rollup/rollup-android-arm64/-/rollup-android-arm64-4.27.4.tgz#0474250fcb5871aca952e249a0c3270fc4310b55"
  integrity sha512-wzKRQXISyi9UdCVRqEd0H4cMpzvHYt1f/C3CoIjES6cG++RHKhrBj2+29nPF0IB5kpy9MS71vs07fvrNGAl/iA==

"@rollup/rollup-darwin-arm64@4.27.4":
  version "4.27.4"
  resolved "https://registry.yarnpkg.com/@rollup/rollup-darwin-arm64/-/rollup-darwin-arm64-4.27.4.tgz#77c29b4f9c430c1624f1a6835f2a7e82be3d16f2"
  integrity sha512-PlNiRQapift4LNS8DPUHuDX/IdXiLjf8mc5vdEmUR0fF/pyy2qWwzdLjB+iZquGr8LuN4LnUoSEvKRwjSVYz3Q==

"@rollup/rollup-darwin-x64@4.27.4":
  version "4.27.4"
  resolved "https://registry.yarnpkg.com/@rollup/rollup-darwin-x64/-/rollup-darwin-x64-4.27.4.tgz#7d87711f641a458868758cbf110fb32eabd6a25a"
  integrity sha512-o9bH2dbdgBDJaXWJCDTNDYa171ACUdzpxSZt+u/AAeQ20Nk5x+IhA+zsGmrQtpkLiumRJEYef68gcpn2ooXhSQ==

"@rollup/rollup-freebsd-arm64@4.27.4":
  version "4.27.4"
  resolved "https://registry.yarnpkg.com/@rollup/rollup-freebsd-arm64/-/rollup-freebsd-arm64-4.27.4.tgz#662f808d2780e4e91021ac9ee7ed800862bb9a57"
  integrity sha512-NBI2/i2hT9Q+HySSHTBh52da7isru4aAAo6qC3I7QFVsuhxi2gM8t/EI9EVcILiHLj1vfi+VGGPaLOUENn7pmw==

"@rollup/rollup-freebsd-x64@4.27.4":
  version "4.27.4"
  resolved "https://registry.yarnpkg.com/@rollup/rollup-freebsd-x64/-/rollup-freebsd-x64-4.27.4.tgz#71e5a7bcfcbe51d8b65d158675acec1307edea79"
  integrity sha512-wYcC5ycW2zvqtDYrE7deary2P2UFmSh85PUpAx+dwTCO9uw3sgzD6Gv9n5X4vLaQKsrfTSZZ7Z7uynQozPVvWA==

"@rollup/rollup-linux-arm-gnueabihf@4.27.4":
  version "4.27.4"
  resolved "https://registry.yarnpkg.com/@rollup/rollup-linux-arm-gnueabihf/-/rollup-linux-arm-gnueabihf-4.27.4.tgz#08f67fcec61ee18f8b33b3f403a834ab8f3aa75d"
  integrity sha512-9OwUnK/xKw6DyRlgx8UizeqRFOfi9mf5TYCw1uolDaJSbUmBxP85DE6T4ouCMoN6pXw8ZoTeZCSEfSaYo+/s1w==

"@rollup/rollup-linux-arm-musleabihf@4.27.4":
  version "4.27.4"
  resolved "https://registry.yarnpkg.com/@rollup/rollup-linux-arm-musleabihf/-/rollup-linux-arm-musleabihf-4.27.4.tgz#2e1ad4607f86475b1731556359c6070eb8f4b109"
  integrity sha512-Vgdo4fpuphS9V24WOV+KwkCVJ72u7idTgQaBoLRD0UxBAWTF9GWurJO9YD9yh00BzbkhpeXtm6na+MvJU7Z73A==

"@rollup/rollup-linux-arm64-gnu@4.27.4":
  version "4.27.4"
  resolved "https://registry.yarnpkg.com/@rollup/rollup-linux-arm64-gnu/-/rollup-linux-arm64-gnu-4.27.4.tgz#c65d559dcb0d3dabea500cf7b8215959ae6cccf8"
  integrity sha512-pleyNgyd1kkBkw2kOqlBx+0atfIIkkExOTiifoODo6qKDSpnc6WzUY5RhHdmTdIJXBdSnh6JknnYTtmQyobrVg==

"@rollup/rollup-linux-arm64-musl@4.27.4":
  version "4.27.4"
  resolved "https://registry.yarnpkg.com/@rollup/rollup-linux-arm64-musl/-/rollup-linux-arm64-musl-4.27.4.tgz#6739f7eb33e20466bb88748519c98ce8dee23922"
  integrity sha512-caluiUXvUuVyCHr5DxL8ohaaFFzPGmgmMvwmqAITMpV/Q+tPoaHZ/PWa3t8B2WyoRcIIuu1hkaW5KkeTDNSnMA==

"@rollup/rollup-linux-powerpc64le-gnu@4.27.4":
  version "4.27.4"
  resolved "https://registry.yarnpkg.com/@rollup/rollup-linux-powerpc64le-gnu/-/rollup-linux-powerpc64le-gnu-4.27.4.tgz#8d9fe9471c256e55278cb1f7b1c977cd8fe6df20"
  integrity sha512-FScrpHrO60hARyHh7s1zHE97u0KlT/RECzCKAdmI+LEoC1eDh/RDji9JgFqyO+wPDb86Oa/sXkily1+oi4FzJQ==

"@rollup/rollup-linux-riscv64-gnu@4.27.4":
  version "4.27.4"
  resolved "https://registry.yarnpkg.com/@rollup/rollup-linux-riscv64-gnu/-/rollup-linux-riscv64-gnu-4.27.4.tgz#9a467f7ad5b61c9d66b24e79a3c57cb755d02c35"
  integrity sha512-qyyprhyGb7+RBfMPeww9FlHwKkCXdKHeGgSqmIXw9VSUtvyFZ6WZRtnxgbuz76FK7LyoN8t/eINRbPUcvXB5fw==

"@rollup/rollup-linux-s390x-gnu@4.27.4":
  version "4.27.4"
  resolved "https://registry.yarnpkg.com/@rollup/rollup-linux-s390x-gnu/-/rollup-linux-s390x-gnu-4.27.4.tgz#efaddf22df27b87a267a731fbeb9539e92cd4527"
  integrity sha512-PFz+y2kb6tbh7m3A7nA9++eInGcDVZUACulf/KzDtovvdTizHpZaJty7Gp0lFwSQcrnebHOqxF1MaKZd7psVRg==

"@rollup/rollup-linux-x64-gnu@4.27.4":
  version "4.27.4"
  resolved "https://registry.yarnpkg.com/@rollup/rollup-linux-x64-gnu/-/rollup-linux-x64-gnu-4.27.4.tgz#a959eccb04b07fd1591d7ff745a6865faa7042cd"
  integrity sha512-Ni8mMtfo+o/G7DVtweXXV/Ol2TFf63KYjTtoZ5f078AUgJTmaIJnj4JFU7TK/9SVWTaSJGxPi5zMDgK4w+Ez7Q==

"@rollup/rollup-linux-x64-musl@4.27.4":
  version "4.27.4"
  resolved "https://registry.yarnpkg.com/@rollup/rollup-linux-x64-musl/-/rollup-linux-x64-musl-4.27.4.tgz#927764f1da1f2dd50943716dec93796d10cb6e99"
  integrity sha512-5AeeAF1PB9TUzD+3cROzFTnAJAcVUGLuR8ng0E0WXGkYhp6RD6L+6szYVX+64Rs0r72019KHZS1ka1q+zU/wUw==

"@rollup/rollup-win32-arm64-msvc@4.27.4":
  version "4.27.4"
  resolved "https://registry.yarnpkg.com/@rollup/rollup-win32-arm64-msvc/-/rollup-win32-arm64-msvc-4.27.4.tgz#030b6cc607d845da23dced624e47fb45de105840"
  integrity sha512-yOpVsA4K5qVwu2CaS3hHxluWIK5HQTjNV4tWjQXluMiiiu4pJj4BN98CvxohNCpcjMeTXk/ZMJBRbgRg8HBB6A==

"@rollup/rollup-win32-ia32-msvc@4.27.4":
  version "4.27.4"
  resolved "https://registry.yarnpkg.com/@rollup/rollup-win32-ia32-msvc/-/rollup-win32-ia32-msvc-4.27.4.tgz#3457a3f44a84f51d8097c3606429e01f0d2d0ec2"
  integrity sha512-KtwEJOaHAVJlxV92rNYiG9JQwQAdhBlrjNRp7P9L8Cb4Rer3in+0A+IPhJC9y68WAi9H0sX4AiG2NTsVlmqJeQ==

"@rollup/rollup-win32-x64-msvc@4.27.4":
  version "4.27.4"
  resolved "https://registry.yarnpkg.com/@rollup/rollup-win32-x64-msvc/-/rollup-win32-x64-msvc-4.27.4.tgz#67d516613c9f2fe42e2d8b78e252d0003179d92c"
  integrity sha512-3j4jx1TppORdTAoBJRd+/wJRGCPC0ETWkXOecJ6PPZLj6SptXkrXcNqdj0oclbKML6FkQltdz7bBA3rUSirZug==

"@types/estree@1.0.6", "@types/estree@^1.0.6":
  version "1.0.6"
  resolved "https://registry.yarnpkg.com/@types/estree/-/estree-1.0.6.tgz#628effeeae2064a1b4e79f78e81d87b7e5fc7b50"
  integrity sha512-AYnb1nQyY49te+VRAVgmzfcgjYS91mY5P0TKUDCLEM+gNnA+3T6rWITXRLYCpahpqSQbN5cE+gHpnPyXjHWxcw==

"@types/json-schema@^7.0.15":
  version "7.0.15"
  resolved "https://registry.yarnpkg.com/@types/json-schema/-/json-schema-7.0.15.tgz#596a1747233694d50f6ad8a7869fcb6f56cf5841"
  integrity sha512-5+fP8P8MFNC+AyZCDxrB2pkZFPGzqQWUzpSeuuVLvm8VMcorNYavBqoFcxK8bQz4Qsbn4oUEEem4wDLfcysGHA==

acorn-jsx@^5.3.2:
  version "5.3.2"
  resolved "https://registry.yarnpkg.com/acorn-jsx/-/acorn-jsx-5.3.2.tgz#7ed5bb55908b3b2f1bc55c6af1653bada7f07937"
  integrity sha512-rq9s+JNhf0IChjtDXxllJ7g41oZk5SlXtp0LHwyA5cejwn7vKmKp4pPri6YEePv2PU65sAsegbXtIinmDFDXgQ==

acorn@^8.14.0:
  version "8.14.0"
  resolved "https://registry.yarnpkg.com/acorn/-/acorn-8.14.0.tgz#063e2c70cac5fb4f6467f0b11152e04c682795b0"
  integrity sha512-cl669nCJTZBsL97OF4kUQm5g5hC2uihk0NxY3WENAC0TYdILVkAyHymAntgxGkl7K+t0cXIrH5siy5S4XkFycA==

ajv@^6.12.4:
  version "6.12.6"
  resolved "https://registry.yarnpkg.com/ajv/-/ajv-6.12.6.tgz#baf5a62e802b07d977034586f8c3baf5adf26df4"
  integrity sha512-j3fVLgvTo527anyYyJOGTYJbG+vnnQYvE0m5mmkc1TK+nxAppkCLMIL0aZ4dblVCNoGShhm+kzE4ZUykBoMg4g==
  dependencies:
    fast-deep-equal "^3.1.1"
    fast-json-stable-stringify "^2.0.0"
    json-schema-traverse "^0.4.1"
    uri-js "^4.2.2"

ansi-styles@^4.1.0:
  version "4.3.0"
  resolved "https://registry.yarnpkg.com/ansi-styles/-/ansi-styles-4.3.0.tgz#edd803628ae71c04c85ae7a0906edad34b648937"
  integrity sha512-zbB9rCJAT1rbjiVDb2hqKFHNYLxgtk8NURxZ3IZwD3F6NtxbXZQCnnSi1Lkx+IDohdPlFp222wVALIheZJQSEg==
  dependencies:
    color-convert "^2.0.1"

argparse@^2.0.1:
  version "2.0.1"
  resolved "https://registry.yarnpkg.com/argparse/-/argparse-2.0.1.tgz#246f50f3ca78a3240f6c997e8a9bd1eac49e4b38"
  integrity sha512-8+9WqebbFzpX9OR+Wa6O29asIogeRMzcGtAINdpMHHyAg10f05aSFVBbcEqGf/PXw1EjAZ+q2/bEBg3DvurK3Q==

balanced-match@^1.0.0:
  version "1.0.2"
  resolved "https://registry.npmjs.org/balanced-match/-/balanced-match-1.0.2.tgz"
  integrity sha512-3oSeUO0TMV67hN1AmbXsK4yaqU7tjiHlbxRDZOpH0KW9+CeX4bRAaX0Anxt0tx2MrpRpWwQaPwIlISEJhYU5Pw==

brace-expansion@^1.1.7:
  version "1.1.11"
  resolved "https://registry.npmjs.org/brace-expansion/-/brace-expansion-1.1.11.tgz"
  integrity sha512-iCuPHDFgrHX7H2vEI/5xpz07zSHB00TpugqhmYtVmMO6518mCuRMoOYFldEBl0g187ufozdaHgWKcYFb61qGiA==
  dependencies:
    balanced-match "^1.0.0"
    concat-map "0.0.1"

callsites@^3.0.0:
  version "3.1.0"
  resolved "https://registry.yarnpkg.com/callsites/-/callsites-3.1.0.tgz#b3630abd8943432f54b3f0519238e33cd7df2f73"
  integrity sha512-P8BjAsXvZS+VIDUI11hHCQEv74YT67YUi5JJFNWIqL235sBmjX4+qx9Muvls5ivyNENctx46xQLQ3aTuE7ssaQ==

chalk@^4.0.0:
  version "4.1.2"
  resolved "https://registry.yarnpkg.com/chalk/-/chalk-4.1.2.tgz#aac4e2b7734a740867aeb16bf02aad556a1e7a01"
  integrity sha512-oKnbhFyRIXpUuez8iBMmyEa4nbj4IOQyuhc/wy9kY7/WVPcwIO9VA668Pu8RkO7+0G76SLROeyw9CpQ061i4mA==
  dependencies:
    ansi-styles "^4.1.0"
    supports-color "^7.1.0"

color-convert@^2.0.1:
  version "2.0.1"
  resolved "https://registry.yarnpkg.com/color-convert/-/color-convert-2.0.1.tgz#72d3a68d598c9bdb3af2ad1e84f21d896abd4de3"
  integrity sha512-RRECPsj7iu/xb5oKYcsFHSppFNnsj/52OVTRKb4zP5onXwVF3zVmmToNcOfGC+CRDpfK/U584fMg38ZHCaElKQ==
  dependencies:
    color-name "~1.1.4"

color-name@~1.1.4:
  version "1.1.4"
  resolved "https://registry.yarnpkg.com/color-name/-/color-name-1.1.4.tgz#c2a09a87acbde69543de6f63fa3995c826c536a2"
  integrity sha512-dOy+3AuW3a2wNbZHIuMZpTcgjGuLU/uBL/ubcZF9OXbDo8ff4O8yVp5Bf0efS8uEoYo5q4Fx7dY9OgQGXgAsQA==

concat-map@0.0.1:
  version "0.0.1"
  resolved "https://registry.npmjs.org/concat-map/-/concat-map-0.0.1.tgz"
  integrity sha1-2Klr13/Wjfd5OnMDajug1UBdR3s=

cross-spawn@^7.0.5:
  version "7.0.6"
  resolved "https://registry.yarnpkg.com/cross-spawn/-/cross-spawn-7.0.6.tgz#8a58fe78f00dcd70c370451759dfbfaf03e8ee9f"
  integrity sha512-uV2QOWP2nWzsy2aMp8aRibhi9dlzF5Hgh5SHaB9OiTGEyDTiJJyx0uy51QXdyWbtAHNua4XJzUKca3OzKUd3vA==
  dependencies:
    path-key "^3.1.0"
    shebang-command "^2.0.0"
    which "^2.0.1"

cssesc@^3.0.0:
  version "3.0.0"
  resolved "https://registry.npmjs.org/cssesc/-/cssesc-3.0.0.tgz"
  integrity sha512-/Tb/JcjK111nNScGob5MNtsntNM1aCNUDipB/TkwZFhyDrrE47SOx/18wF2bbjgc3ZzCSKW1T5nt5EbFoAz/Vg==

debug@^4.3.1, debug@^4.3.2:
  version "4.3.7"
  resolved "https://registry.yarnpkg.com/debug/-/debug-4.3.7.tgz#87945b4151a011d76d95a198d7111c865c360a52"
  integrity sha512-Er2nc/H7RrMXZBFCEim6TCmMk02Z8vLC2Rbi1KEBggpo0fS6l0S1nnapwmIi3yW/+GOJap1Krg4w0Hg80oCqgQ==
  dependencies:
    ms "^2.1.3"

deep-is@^0.1.3:
  version "0.1.4"
  resolved "https://registry.yarnpkg.com/deep-is/-/deep-is-0.1.4.tgz#a6f2dce612fadd2ef1f519b73551f17e85199831"
  integrity sha512-oIPzksmTg4/MriiaYGO+okXDT7ztn/w3Eptv/+gSIdMdKsJo0u4CfYNFJPy+4SKMuCqGw2wxnA+URMg3t8a/bQ==

esbuild@^0.20.1:
  version "0.20.2"
  resolved "https://registry.npmjs.org/esbuild/-/esbuild-0.20.2.tgz"
  integrity sha512-WdOOppmUNU+IbZ0PaDiTst80zjnrOkyJNHoKupIcVyU8Lvla3Ugx94VzkQ32Ijqd7UhHJy75gNWDMUekcrSJ6g==
  optionalDependencies:
    "@esbuild/aix-ppc64" "0.20.2"
    "@esbuild/android-arm" "0.20.2"
    "@esbuild/android-arm64" "0.20.2"
    "@esbuild/android-x64" "0.20.2"
    "@esbuild/darwin-arm64" "0.20.2"
    "@esbuild/darwin-x64" "0.20.2"
    "@esbuild/freebsd-arm64" "0.20.2"
    "@esbuild/freebsd-x64" "0.20.2"
    "@esbuild/linux-arm" "0.20.2"
    "@esbuild/linux-arm64" "0.20.2"
    "@esbuild/linux-ia32" "0.20.2"
    "@esbuild/linux-loong64" "0.20.2"
    "@esbuild/linux-mips64el" "0.20.2"
    "@esbuild/linux-ppc64" "0.20.2"
    "@esbuild/linux-riscv64" "0.20.2"
    "@esbuild/linux-s390x" "0.20.2"
    "@esbuild/linux-x64" "0.20.2"
    "@esbuild/netbsd-x64" "0.20.2"
    "@esbuild/openbsd-x64" "0.20.2"
    "@esbuild/sunos-x64" "0.20.2"
    "@esbuild/win32-arm64" "0.20.2"
    "@esbuild/win32-ia32" "0.20.2"
    "@esbuild/win32-x64" "0.20.2"

escape-string-regexp@^4.0.0:
  version "4.0.0"
  resolved "https://registry.yarnpkg.com/escape-string-regexp/-/escape-string-regexp-4.0.0.tgz#14ba83a5d373e3d311e5afca29cf5bfad965bf34"
  integrity sha512-TtpcNJ3XAzx3Gq8sWRzJaVajRs0uVxA2YAkdb1jm2YkPz4G6egUFAyA3n5vtEIZefPk5Wa4UXbKuS5fKkJWdgA==

eslint-config-prettier@^2.9.0:
  version "2.9.0"
  resolved "https://registry.npmjs.org/eslint-config-prettier/-/eslint-config-prettier-2.9.0.tgz"
  dependencies:
    get-stdin "^5.0.1"

eslint-plugin-prettier@^2.6.0:
  version "2.6.0"
  resolved "https://registry.npmjs.org/eslint-plugin-prettier/-/eslint-plugin-prettier-2.6.0.tgz"
  dependencies:
    fast-diff "^1.1.1"
    jest-docblock "^21.0.0"

eslint-scope@^8.2.0:
  version "8.2.0"
  resolved "https://registry.yarnpkg.com/eslint-scope/-/eslint-scope-8.2.0.tgz#377aa6f1cb5dc7592cfd0b7f892fd0cf352ce442"
  integrity sha512-PHlWUfG6lvPc3yvP5A4PNyBL1W8fkDUccmI21JUu/+GKZBoH/W5u6usENXUrWFRsyoW5ACUjFGgAFQp5gUlb/A==
  dependencies:
    esrecurse "^4.3.0"
    estraverse "^5.2.0"

eslint-visitor-keys@^3.4.3:
  version "3.4.3"
  resolved "https://registry.yarnpkg.com/eslint-visitor-keys/-/eslint-visitor-keys-3.4.3.tgz#0cd72fe8550e3c2eae156a96a4dddcd1c8ac5800"
  integrity sha512-wpc+LXeiyiisxPlEkUzU6svyS1frIO3Mgxj1fdy7Pm8Ygzguax2N3Fa/D/ag1WqbOprdI+uY6wMUl8/a2G+iag==

eslint-visitor-keys@^4.2.0:
  version "4.2.0"
  resolved "https://registry.yarnpkg.com/eslint-visitor-keys/-/eslint-visitor-keys-4.2.0.tgz#687bacb2af884fcdda8a6e7d65c606f46a14cd45"
  integrity sha512-UyLnSehNt62FFhSwjZlHmeokpRK59rcz29j+F1/aDgbkbRTk7wIc9XzdoasMUbRNKDM0qQt/+BJ4BrpFeABemw==

eslint@^9.15.0:
  version "9.15.0"
  resolved "https://registry.yarnpkg.com/eslint/-/eslint-9.15.0.tgz#77c684a4e980e82135ebff8ee8f0a9106ce6b8a6"
  integrity sha512-7CrWySmIibCgT1Os28lUU6upBshZ+GxybLOrmRzi08kS8MBuO8QA7pXEgYgY5W8vK3e74xv0lpjo9DbaGU9Rkw==
  dependencies:
    "@eslint-community/eslint-utils" "^4.2.0"
    "@eslint-community/regexpp" "^4.12.1"
    "@eslint/config-array" "^0.19.0"
    "@eslint/core" "^0.9.0"
    "@eslint/eslintrc" "^3.2.0"
    "@eslint/js" "9.15.0"
    "@eslint/plugin-kit" "^0.2.3"
    "@humanfs/node" "^0.16.6"
    "@humanwhocodes/module-importer" "^1.0.1"
    "@humanwhocodes/retry" "^0.4.1"
    "@types/estree" "^1.0.6"
    "@types/json-schema" "^7.0.15"
    ajv "^6.12.4"
    chalk "^4.0.0"
    cross-spawn "^7.0.5"
    debug "^4.3.2"
    escape-string-regexp "^4.0.0"
    eslint-scope "^8.2.0"
    eslint-visitor-keys "^4.2.0"
    espree "^10.3.0"
    esquery "^1.5.0"
    esutils "^2.0.2"
    fast-deep-equal "^3.1.3"
    file-entry-cache "^8.0.0"
    find-up "^5.0.0"
    glob-parent "^6.0.2"
    ignore "^5.2.0"
    imurmurhash "^0.1.4"
    is-glob "^4.0.0"
    json-stable-stringify-without-jsonify "^1.0.1"
    lodash.merge "^4.6.2"
    minimatch "^3.1.2"
    natural-compare "^1.4.0"
    optionator "^0.9.3"

espree@^10.0.1, espree@^10.3.0:
  version "10.3.0"
  resolved "https://registry.yarnpkg.com/espree/-/espree-10.3.0.tgz#29267cf5b0cb98735b65e64ba07e0ed49d1eed8a"
  integrity sha512-0QYC8b24HWY8zjRnDTL6RiHfDbAWn63qb4LMj1Z4b076A4une81+z03Kg7l7mn/48PUTqoLptSXez8oknU8Clg==
  dependencies:
    acorn "^8.14.0"
    acorn-jsx "^5.3.2"
    eslint-visitor-keys "^4.2.0"

esquery@^1.5.0:
  version "1.6.0"
  resolved "https://registry.yarnpkg.com/esquery/-/esquery-1.6.0.tgz#91419234f804d852a82dceec3e16cdc22cf9dae7"
  integrity sha512-ca9pw9fomFcKPvFLXhBKUK90ZvGibiGOvRJNbjljY7s7uq/5YO4BOzcYtJqExdx99rF6aAcnRxHmcUHcz6sQsg==
  dependencies:
    estraverse "^5.1.0"

esrecurse@^4.3.0:
  version "4.3.0"
  resolved "https://registry.yarnpkg.com/esrecurse/-/esrecurse-4.3.0.tgz#7ad7964d679abb28bee72cec63758b1c5d2c9921"
  integrity sha512-KmfKL3b6G+RXvP8N1vr3Tq1kL/oCFgn2NYXEtqP8/L3pKapUA4G8cFVaoF3SU323CD4XypR/ffioHmkti6/Tag==
  dependencies:
    estraverse "^5.2.0"

estraverse@^5.1.0, estraverse@^5.2.0:
  version "5.3.0"
  resolved "https://registry.yarnpkg.com/estraverse/-/estraverse-5.3.0.tgz#2eea5290702f26ab8fe5370370ff86c965d21123"
  integrity sha512-MMdARuVEQziNTeJD8DgMqmhwR11BRQ/cBP+pLtYdSTnf3MIO8fFeiINEbX36ZdNlfU/7A9f3gUw49B3oQsvwBA==

esutils@^2.0.2:
  version "2.0.2"
  resolved "https://registry.npmjs.org/esutils/-/esutils-2.0.2.tgz"

fast-deep-equal@^3.1.1, fast-deep-equal@^3.1.3:
  version "3.1.3"
  resolved "https://registry.yarnpkg.com/fast-deep-equal/-/fast-deep-equal-3.1.3.tgz#3a7d56b559d6cbc3eb512325244e619a65c6c525"
  integrity sha512-f3qQ9oQy9j2AhBe/H9VC91wLmKBCCU/gDOnKNAYG5hswO7BLKj09Hc5HYNz9cGI++xlpDCIgDaitVs03ATR84Q==

fast-diff@^1.1.1:
  version "1.1.2"
  resolved "https://registry.npmjs.org/fast-diff/-/fast-diff-1.1.2.tgz"

fast-json-stable-stringify@^2.0.0:
  version "2.0.0"
  resolved "https://registry.npmjs.org/fast-json-stable-stringify/-/fast-json-stable-stringify-2.0.0.tgz"

fast-levenshtein@^2.0.6:
  version "2.0.6"
  resolved "https://registry.yarnpkg.com/fast-levenshtein/-/fast-levenshtein-2.0.6.tgz#3d8a5c66883a16a30ca8643e851f19baa7797917"
  integrity sha512-DCXu6Ifhqcks7TZKY3Hxp3y6qphY5SJZmrWMDrKcERSOXWQdMhU9Ig/PYrzyw/ul9jOIyh0N4M0tbC5hodg8dw==

file-entry-cache@^8.0.0:
  version "8.0.0"
  resolved "https://registry.yarnpkg.com/file-entry-cache/-/file-entry-cache-8.0.0.tgz#7787bddcf1131bffb92636c69457bbc0edd6d81f"
  integrity sha512-XXTUwCvisa5oacNGRP9SfNtYBNAMi+RPwBFmblZEF7N7swHYQS6/Zfk7SRwx4D5j3CH211YNRco1DEMNVfZCnQ==
  dependencies:
    flat-cache "^4.0.0"

find-up@^5.0.0:
  version "5.0.0"
  resolved "https://registry.yarnpkg.com/find-up/-/find-up-5.0.0.tgz#4c92819ecb7083561e4f4a240a86be5198f536fc"
  integrity sha512-78/PXT1wlLLDgTzDs7sjq9hzz0vXD+zn+7wypEe4fXQxCmdmqfGsEPQxmiCSQI3ajFV91bVSsvNtrJRiW6nGng==
  dependencies:
    locate-path "^6.0.0"
    path-exists "^4.0.0"

flat-cache@^4.0.0:
  version "4.0.1"
  resolved "https://registry.yarnpkg.com/flat-cache/-/flat-cache-4.0.1.tgz#0ece39fcb14ee012f4b0410bd33dd9c1f011127c"
  integrity sha512-f7ccFPK3SXFHpx15UIGyRJ/FJQctuKZ0zVuN3frBo4HnK3cay9VEW0R6yPYFHC0AgqhukPzKjq22t5DmAyqGyw==
  dependencies:
    flatted "^3.2.9"
    keyv "^4.5.4"

flatted@^3.2.9:
  version "3.3.2"
  resolved "https://registry.yarnpkg.com/flatted/-/flatted-3.3.2.tgz#adba1448a9841bec72b42c532ea23dbbedef1a27"
  integrity sha512-AiwGJM8YcNOaobumgtng+6NHuOqC3A7MixFeDafM3X9cIUM+xUXoS5Vfgf+OihAYe20fxqNM9yPBXJzRtZ/4eA==

fsevents@~2.3.2, fsevents@~2.3.3:
  version "2.3.3"
  resolved "https://registry.yarnpkg.com/fsevents/-/fsevents-2.3.3.tgz#cac6407785d03675a2a5e1a5305c697b347d90d6"
  integrity sha512-5xoDfX+fL7faATnagmWPpbFtwh/R77WmMMqqHGS65C3vvB0YHrgF+B1YmZ3441tMj5n63k0212XNoJwzlhffQw==

get-stdin@^5.0.1:
  version "5.0.1"
  resolved "https://registry.npmjs.org/get-stdin/-/get-stdin-5.0.1.tgz"

glob-parent@^6.0.2:
  version "6.0.2"
  resolved "https://registry.yarnpkg.com/glob-parent/-/glob-parent-6.0.2.tgz#6d237d99083950c79290f24c7642a3de9a28f9e3"
  integrity sha512-XxwI8EOhVQgWp6iDL+3b0r86f4d6AX6zSU55HfB4ydCEuXLXc5FcYeOu+nnGftS4TEju/11rt4KJPTMgbfmv4A==
  dependencies:
    is-glob "^4.0.3"

globals@^14.0.0:
  version "14.0.0"
  resolved "https://registry.yarnpkg.com/globals/-/globals-14.0.0.tgz#898d7413c29babcf6bafe56fcadded858ada724e"
  integrity sha512-oahGvuMGQlPw/ivIYBjVSrWAfWLBeku5tpPE2fOPLi+WHffIWbuh2tCjhyQhTBPMf5E9jDEH4FOmTYgYwbKwtQ==

has-flag@^4.0.0:
  version "4.0.0"
  resolved "https://registry.yarnpkg.com/has-flag/-/has-flag-4.0.0.tgz#944771fd9c81c81265c4d6941860da06bb59479b"
  integrity sha512-EykJT/Q1KjTWctppgIAgfSO0tKVuZUjhgMr17kqTumMl6Afv3EISleU7qZUzoXDFTAHTDC4NOoG/ZxU3EvlMPQ==

ignore@^5.2.0:
  version "5.3.2"
  resolved "https://registry.yarnpkg.com/ignore/-/ignore-5.3.2.tgz#3cd40e729f3643fd87cb04e50bf0eb722bc596f5"
  integrity sha512-hsBTNUqQTDwkWtcdYI2i06Y/nUBEsNEDJKjWdigLvegy8kDuJAS8uRlpkkcQpyEXL0Z/pjDy5HBmMjRCJ2gq+g==

import-fresh@^3.2.1:
  version "3.3.0"
  resolved "https://registry.yarnpkg.com/import-fresh/-/import-fresh-3.3.0.tgz#37162c25fcb9ebaa2e6e53d5b4d88ce17d9e0c2b"
  integrity sha512-veYYhQa+D1QBKznvhUHxb8faxlrwUnxseDAbAp457E0wLNio2bOSKnjYDhMj+YiAq61xrMGhQk9iXVk5FzgQMw==
  dependencies:
    parent-module "^1.0.0"
    resolve-from "^4.0.0"

imurmurhash@^0.1.4:
  version "0.1.4"
  resolved "https://registry.npmjs.org/imurmurhash/-/imurmurhash-0.1.4.tgz"

is-extglob@^2.1.1:
  version "2.1.1"
  resolved "https://registry.yarnpkg.com/is-extglob/-/is-extglob-2.1.1.tgz#a88c02535791f02ed37c76a1b9ea9773c833f8c2"
  integrity sha512-SbKbANkN603Vi4jEZv49LeVJMn4yGwsbzZworEoyEiutsN3nJYdbO36zfhGJ6QEDpOZIFkDtnq5JRxmvl3jsoQ==

is-glob@^4.0.0, is-glob@^4.0.3:
  version "4.0.3"
  resolved "https://registry.yarnpkg.com/is-glob/-/is-glob-4.0.3.tgz#64f61e42cbbb2eec2071a9dac0b28ba1e65d5084"
  integrity sha512-xelSayHH36ZgE7ZWhli7pW34hNbNl8Ojv5KVmkJD4hBdD3th8Tfk9vYasLM+mXWOZhFkgZfxhLSnrwRr4elSSg==
  dependencies:
    is-extglob "^2.1.1"

isexe@^2.0.0:
  version "2.0.0"
  resolved "https://registry.npmjs.org/isexe/-/isexe-2.0.0.tgz"

jest-docblock@^21.0.0:
  version "21.2.0"
  resolved "https://registry.npmjs.org/jest-docblock/-/jest-docblock-21.2.0.tgz"

js-yaml@^4.1.0:
  version "4.1.0"
  resolved "https://registry.yarnpkg.com/js-yaml/-/js-yaml-4.1.0.tgz#c1fb65f8f5017901cdd2c951864ba18458a10602"
  integrity sha512-wpxZs9NoxZaJESJGIZTyDEaYpl0FKSA+FB9aJiyemKhMwkxQg63h4T1KJgUGHpTqPDNRcmmYLugrRjJlBtWvRA==
  dependencies:
    argparse "^2.0.1"

json-buffer@3.0.1:
  version "3.0.1"
  resolved "https://registry.yarnpkg.com/json-buffer/-/json-buffer-3.0.1.tgz#9338802a30d3b6605fbe0613e094008ca8c05a13"
  integrity sha512-4bV5BfR2mqfQTJm+V5tPPdf+ZpuhiIvTuAB5g8kcrXOZpTT/QwwVRWBywX1ozr6lEuPdbHxwaJlm9G6mI2sfSQ==

json-schema-traverse@^0.4.1:
  version "0.4.1"
  resolved "https://registry.yarnpkg.com/json-schema-traverse/-/json-schema-traverse-0.4.1.tgz#69f6a87d9513ab8bb8fe63bdb0979c448e684660"
  integrity sha512-xbbCH5dCYU5T8LcEhhuh7HJ88HXuW3qsI3Y0zOZFKfZEHcpWiHU/Jxzk629Brsab/mMiHQti9wMP+845RPe3Vg==

json-stable-stringify-without-jsonify@^1.0.1:
  version "1.0.1"
  resolved "https://registry.npmjs.org/json-stable-stringify-without-jsonify/-/json-stable-stringify-without-jsonify-1.0.1.tgz"

keyv@^4.5.4:
  version "4.5.4"
  resolved "https://registry.yarnpkg.com/keyv/-/keyv-4.5.4.tgz#a879a99e29452f942439f2a405e3af8b31d4de93"
  integrity sha512-oxVHkHR/EJf2CNXnWxRLW6mg7JyCCUcG0DtEGmL2ctUo1PNTin1PUil+r/+4r5MpVgC/fn1kjsx7mjSujKqIpw==
  dependencies:
    json-buffer "3.0.1"

levn@^0.4.1:
  version "0.4.1"
  resolved "https://registry.yarnpkg.com/levn/-/levn-0.4.1.tgz#ae4562c007473b932a6200d403268dd2fffc6ade"
  integrity sha512-+bT2uH4E5LGE7h/n3evcS/sQlJXCpIp6ym8OWJ5eV6+67Dsql/LaaT7qJBAt2rzfoa/5QBGBhxDix1dMt2kQKQ==
  dependencies:
    prelude-ls "^1.2.1"
    type-check "~0.4.0"

locate-path@^6.0.0:
  version "6.0.0"
  resolved "https://registry.yarnpkg.com/locate-path/-/locate-path-6.0.0.tgz#55321eb309febbc59c4801d931a72452a681d286"
  integrity sha512-iPZK6eYjbxRu3uB4/WZ3EsEIMJFMqAoopl3R+zuq0UjcAm/MO6KCweDgPfP3elTztoKP3KtnVHxTn2NHBSDVUw==
  dependencies:
    p-locate "^5.0.0"

lodash.merge@^4.6.2:
  version "4.6.2"
  resolved "https://registry.yarnpkg.com/lodash.merge/-/lodash.merge-4.6.2.tgz#558aa53b43b661e1925a0afdfa36a9a1085fe57a"
  integrity sha512-0KpjqXRVvrYyCsX1swR/XTK0va6VQkQM6MNo7PqW77ByjAhoARA8EfrP1N4+KlKj8YS0ZUCtRT/YUuhyYDujIQ==

minimatch@^3.1.2:
  version "3.1.2"
  resolved "https://registry.yarnpkg.com/minimatch/-/minimatch-3.1.2.tgz#19cd194bfd3e428f049a70817c038d89ab4be35b"
  integrity sha512-J7p63hRiAjw1NDEww1W7i37+ByIrOWO5XQQAzZ3VOcL0PNybwpfmV/N05zFAzwQ9USyEcX6t3UO+K5aqBQOIHw==
  dependencies:
    brace-expansion "^1.1.7"

ms@^2.1.3:
  version "2.1.3"
  resolved "https://registry.yarnpkg.com/ms/-/ms-2.1.3.tgz#574c8138ce1d2b5861f0b44579dbadd60c6615b2"
  integrity sha512-6FlzubTLZG3J2a/NVCAleEhjzq5oxgHyaCU9yYXvcLsvoVaHJq/s5xXI6/XXP6tz7R9xAOtHnSO/tXtF3WRTlA==

nanoid@^3.3.7:
  version "3.3.7"
  resolved "https://registry.npmjs.org/nanoid/-/nanoid-3.3.7.tgz"
  integrity sha512-eSRppjcPIatRIMC1U6UngP8XFcz8MQWGQdt1MTBQ7NaAmvXDfvNxbvWV3x2y6CdEUciCSsDHDQZbhYaB8QEo2g==

natural-compare@^1.4.0:
  version "1.4.0"
  resolved "https://registry.npmjs.org/natural-compare/-/natural-compare-1.4.0.tgz"

optionator@^0.9.3:
  version "0.9.4"
  resolved "https://registry.yarnpkg.com/optionator/-/optionator-0.9.4.tgz#7ea1c1a5d91d764fb282139c88fe11e182a3a734"
  integrity sha512-6IpQ7mKUxRcZNLIObR0hz7lxsapSSIYNZJwXPGeF0mTVqGKFIXj1DQcMoT22S3ROcLyY/rz0PWaWZ9ayWmad9g==
  dependencies:
    deep-is "^0.1.3"
    fast-levenshtein "^2.0.6"
    levn "^0.4.1"
    prelude-ls "^1.2.1"
    type-check "^0.4.0"
    word-wrap "^1.2.5"

p-limit@^3.0.2:
  version "3.1.0"
  resolved "https://registry.yarnpkg.com/p-limit/-/p-limit-3.1.0.tgz#e1daccbe78d0d1388ca18c64fea38e3e57e3706b"
  integrity sha512-TYOanM3wGwNGsZN2cVTYPArw454xnXj5qmWF1bEoAc4+cU/ol7GVh7odevjp1FNHduHc3KZMcFduxU5Xc6uJRQ==
  dependencies:
    yocto-queue "^0.1.0"

p-locate@^5.0.0:
  version "5.0.0"
  resolved "https://registry.yarnpkg.com/p-locate/-/p-locate-5.0.0.tgz#83c8315c6785005e3bd021839411c9e110e6d834"
  integrity sha512-LaNjtRWUBY++zB5nE/NwcaoMylSPk+S+ZHNB1TzdbMJMny6dynpAGt7X/tl/QYq3TIeE6nxHppbo2LGymrG5Pw==
  dependencies:
    p-limit "^3.0.2"

parent-module@^1.0.0:
  version "1.0.1"
  resolved "https://registry.yarnpkg.com/parent-module/-/parent-module-1.0.1.tgz#691d2709e78c79fae3a156622452d00762caaaa2"
  integrity sha512-GQ2EWRpQV8/o+Aw8YqtfZZPfNRWZYkbidE9k5rpl/hC3vtHHBfGm2Ifi6qWV+coDGkrUKZAxE3Lot5kcsRlh+g==
  dependencies:
    callsites "^3.0.0"

path-exists@^4.0.0:
  version "4.0.0"
  resolved "https://registry.yarnpkg.com/path-exists/-/path-exists-4.0.0.tgz#513bdbe2d3b95d7762e8c1137efa195c6c61b5b3"
  integrity sha512-ak9Qy5Q7jYb2Wwcey5Fpvg2KoAc/ZIhLSLOSBmRmygPsGwkVVt0fZa0qrtMz+m6tJTAHfZQ8FnmB4MG4LWy7/w==

path-key@^3.1.0:
  version "3.1.1"
  resolved "https://registry.yarnpkg.com/path-key/-/path-key-3.1.1.tgz#581f6ade658cbba65a0d3380de7753295054f375"
  integrity sha512-ojmeN0qd+y0jszEtoY48r0Peq5dwMEkIlCOu6Q5f41lfkswXuKtYrhgoTpLnyIcHm24Uhqx+5Tqm2InSwLhE6Q==

picocolors@^1.0.0:
  version "1.0.0"
  resolved "https://registry.npmjs.org/picocolors/-/picocolors-1.0.0.tgz"
  integrity sha512-1fygroTLlHu66zi26VoTDv8yRgm0Fccecssto+MhsZ0D/DGW2sm8E8AjW7NU5VVTRt5GxbeZ5qBuJr+HyLYkjQ==

postcss-nesting@^12.1.2:
  version "12.1.2"
  resolved "https://registry.npmjs.org/postcss-nesting/-/postcss-nesting-12.1.2.tgz"
  integrity sha512-FUmTHGDNundodutB4PUBxt/EPuhgtpk8FJGRsBhOuy+6FnkR2A8RZWIsyyy6XmhvX2DZQQWIkvu+HB4IbJm+Ew==
  dependencies:
    "@csstools/selector-resolve-nested" "^1.1.0"
    "@csstools/selector-specificity" "^3.0.3"
    postcss-selector-parser "^6.0.13"

postcss-selector-parser@^6.0.13:
  version "6.0.16"
  resolved "https://registry.npmjs.org/postcss-selector-parser/-/postcss-selector-parser-6.0.16.tgz"
  integrity sha512-A0RVJrX+IUkVZbW3ClroRWurercFhieevHB38sr2+l9eUClMqome3LmEmnhlNy+5Mr2EYN6B2Kaw9wYdd+VHiw==
  dependencies:
    cssesc "^3.0.0"
    util-deprecate "^1.0.2"

postcss@^8.4.38:
  version "8.4.38"
  resolved "https://registry.npmjs.org/postcss/-/postcss-8.4.38.tgz"
  integrity sha512-Wglpdk03BSfXkHoQa3b/oulrotAkwrlLDRSOb9D0bN86FdRyE9lppSp33aHNPgBa0JKCoB+drFLZkQoRRYae5A==
  dependencies:
    nanoid "^3.3.7"
    picocolors "^1.0.0"
    source-map-js "^1.2.0"

prelude-ls@^1.2.1:
  version "1.2.1"
  resolved "https://registry.yarnpkg.com/prelude-ls/-/prelude-ls-1.2.1.tgz#debc6489d7a6e6b0e7611888cec880337d316396"
  integrity sha512-vkcDPrRZo1QZLbn5RLGPpg/WmIQ65qoWWhcGKf/b5eplkkarX0m9z8ppCat4mlOqUsWpyNuYgO3VRyrYHSzX5g==

prettier@3.2.5:
  version "3.2.5"
  resolved "https://registry.npmjs.org/prettier/-/prettier-3.2.5.tgz"
  integrity sha512-3/GWa9aOC0YeD7LUfvOG2NiDyhOWRvt1k+rcKhOuYnMY24iiCphgneUfJDyFXd6rZCAnuLBv6UeAULtrhT/F4A==

punycode@^2.1.0:
  version "2.1.0"
  resolved "https://registry.npmjs.org/punycode/-/punycode-2.1.0.tgz"

resolve-from@^4.0.0:
  version "4.0.0"
  resolved "https://registry.yarnpkg.com/resolve-from/-/resolve-from-4.0.0.tgz#4abcd852ad32dd7baabfe9b40e00a36db5f392e6"
  integrity sha512-pb/MYmXstAkysRFx8piNI1tGFNQIFA3vkE3Gq4EuA1dF6gHp/+vgZqsCGJapvy8N3Q+4o7FwvquPJcnZ7RYy4g==

rollup@^4.13.0:
  version "4.27.4"
  resolved "https://registry.yarnpkg.com/rollup/-/rollup-4.27.4.tgz#b23e4ef4fe4d0d87f5237dacf63f95a499503897"
  integrity sha512-RLKxqHEMjh/RGLsDxAEsaLO3mWgyoU6x9w6n1ikAzet4B3gI2/3yP6PWY2p9QzRTh6MfEIXB3MwsOY0Iv3vNrw==
  dependencies:
    "@types/estree" "1.0.6"
  optionalDependencies:
    "@rollup/rollup-android-arm-eabi" "4.27.4"
    "@rollup/rollup-android-arm64" "4.27.4"
    "@rollup/rollup-darwin-arm64" "4.27.4"
    "@rollup/rollup-darwin-x64" "4.27.4"
    "@rollup/rollup-freebsd-arm64" "4.27.4"
    "@rollup/rollup-freebsd-x64" "4.27.4"
    "@rollup/rollup-linux-arm-gnueabihf" "4.27.4"
    "@rollup/rollup-linux-arm-musleabihf" "4.27.4"
    "@rollup/rollup-linux-arm64-gnu" "4.27.4"
    "@rollup/rollup-linux-arm64-musl" "4.27.4"
    "@rollup/rollup-linux-powerpc64le-gnu" "4.27.4"
    "@rollup/rollup-linux-riscv64-gnu" "4.27.4"
    "@rollup/rollup-linux-s390x-gnu" "4.27.4"
    "@rollup/rollup-linux-x64-gnu" "4.27.4"
    "@rollup/rollup-linux-x64-musl" "4.27.4"
    "@rollup/rollup-win32-arm64-msvc" "4.27.4"
    "@rollup/rollup-win32-ia32-msvc" "4.27.4"
    "@rollup/rollup-win32-x64-msvc" "4.27.4"
    fsevents "~2.3.2"

shebang-command@^2.0.0:
  version "2.0.0"
  resolved "https://registry.yarnpkg.com/shebang-command/-/shebang-command-2.0.0.tgz#ccd0af4f8835fbdc265b82461aaf0c36663f34ea"
  integrity sha512-kHxr2zZpYtdmrN1qDjrrX/Z1rR1kG8Dx+gkpK1G4eXmvXswmcE1hTWBWYUzlraYw1/yZp6YuDY77YtvbN0dmDA==
  dependencies:
    shebang-regex "^3.0.0"

shebang-regex@^3.0.0:
  version "3.0.0"
  resolved "https://registry.yarnpkg.com/shebang-regex/-/shebang-regex-3.0.0.tgz#ae16f1644d873ecad843b0307b143362d4c42172"
  integrity sha512-7++dFhtcx3353uBaq8DDR4NuxBetBzC7ZQOhmTQInHEd6bSrXdiEyzCvG07Z44UYdLShWUyXt5M/yhz8ekcb1A==

source-map-js@^1.2.0:
  version "1.2.0"
  resolved "https://registry.npmjs.org/source-map-js/-/source-map-js-1.2.0.tgz"
  integrity sha512-itJW8lvSA0TXEphiRoawsCksnlf8SyvmFzIhltqAHluXd88pkCd+cXJVHTDwdCr0IzwptSm035IHQktUu1QUMg==

strip-json-comments@^3.1.1:
  version "3.1.1"
  resolved "https://registry.yarnpkg.com/strip-json-comments/-/strip-json-comments-3.1.1.tgz#31f1281b3832630434831c310c01cccda8cbe006"
  integrity sha512-6fPc+R4ihwqP6N/aIv2f1gMH8lOVtWQHoqC4yK6oSDVVocumAsfCqjkXnqiYMhmMwS/mEHLp7Vehlt3ql6lEig==

supports-color@^7.1.0:
  version "7.2.0"
  resolved "https://registry.yarnpkg.com/supports-color/-/supports-color-7.2.0.tgz#1b7dcdcb32b8138801b3e478ba6a51caa89648da"
  integrity sha512-qpCAvRl9stuOHveKsn7HncJRvv501qIacKzQlO/+Lwxc9+0q2wLyv4Dfvt80/DPn2pqOBsJdDiogXGR9+OvwRw==
  dependencies:
    has-flag "^4.0.0"

type-check@^0.4.0, type-check@~0.4.0:
  version "0.4.0"
  resolved "https://registry.yarnpkg.com/type-check/-/type-check-0.4.0.tgz#07b8203bfa7056c0657050e3ccd2c37730bab8f1"
  integrity sha512-XleUoc9uwGXqjWwXaUTZAmzMcFZ5858QA2vvx1Ur5xIcixXIP+8LnFDgRplU30us6teqdlskFfu+ae4K79Ooew==
  dependencies:
    prelude-ls "^1.2.1"

uri-js@^4.2.2:
  version "4.4.1"
  resolved "https://registry.yarnpkg.com/uri-js/-/uri-js-4.4.1.tgz#9b1a52595225859e55f669d928f88c6c57f2a77e"
  integrity sha512-7rKUyy33Q1yc98pQ1DAmLtwX109F7TIfWlW1Ydo8Wl1ii1SeHieeh0HHfPeL2fMXK6z0s8ecKs9frCuLJvndBg==
  dependencies:
    punycode "^2.1.0"

util-deprecate@^1.0.2:
  version "1.0.2"
  resolved "https://registry.npmjs.org/util-deprecate/-/util-deprecate-1.0.2.tgz"

vite@^5.2.10:
  version "5.2.14"
  resolved "https://registry.yarnpkg.com/vite/-/vite-5.2.14.tgz#fd5f60facf6b5f90ec7da6323c467a365d380c3d"
  integrity sha512-TFQLuwWLPms+NBNlh0D9LZQ+HXW471COABxw/9TEUBrjuHMo9BrYBPrN/SYAwIuVL+rLerycxiLT41t4f5MZpA==
  dependencies:
    esbuild "^0.20.1"
    postcss "^8.4.38"
    rollup "^4.13.0"
  optionalDependencies:
    fsevents "~2.3.3"

which@^2.0.1:
  version "2.0.2"
  resolved "https://registry.yarnpkg.com/which/-/which-2.0.2.tgz#7c6a8dd0a636a0327e10b59c9286eee93f3f51b1"
  integrity sha512-BLI3Tl1TW3Pvl70l3yq3Y64i+awpwXqsGBYWkkqMtnbXgrMD+yj7rhW0kuEDxzJaYXGjEW5ogapKNMEKNMjibA==
  dependencies:
    isexe "^2.0.0"

word-wrap@^1.2.5:
  version "1.2.5"
  resolved "https://registry.yarnpkg.com/word-wrap/-/word-wrap-1.2.5.tgz#d2c45c6dd4fbce621a66f136cbe328afd0410b34"
  integrity sha512-BN22B5eaMMI9UMtjrGd5g5eCYPpCPDUy0FJXbYsaT5zYxjFOckS53SQDE3pWkVoWpHXVb3BrYcEN4Twa55B5cA==

yocto-queue@^0.1.0:
  version "0.1.0"
  resolved "https://registry.yarnpkg.com/yocto-queue/-/yocto-queue-0.1.0.tgz#0294eb3dee05028d31ee1a5fa2c556a6aaf10a1b"
  integrity sha512-rVksvsnNCdJ/ohGc6xgPwyN8eheCxsiLM8mxuE/t/mOVqJewPuO1miLpTHQiRgTKCLexL4MeAFVagts7HmNZ2Q==
